{
  "requires": true,
  "lockfileVersion": 1,
  "dependencies": {
    "@fuse-open/fuselibs": {
      "version": "1.13.0",
      "resolved": "https://registry.npmjs.org/@fuse-open/fuselibs/-/fuselibs-1.13.0.tgz",
      "integrity": "sha512-LKrfG/APO6UKJPrDS1zDXyo2zrCdlivPFgEWai6bCot3tvZiK62qH+Ayq8XZqsoD12t1M2KiHkdTZAKbj4/kGg=="
    }
  }
}
